
Microsoft Visual Studio Solution File, Format Version 12.00
# Visual Studio Version 17
VisualStudioVersion = 17.10.35027.167
MinimumVisualStudioVersion = 10.0.40219.1
Project("{2150E333-8FDC-42A3-9474-1A3956D46DE8}") = "Modules", "Modules", "{3AA6F001-B60A-476B-A572-A3E835CFECAA}"
EndProject
Project("{9A19103F-16F7-4668-BE54-9A1E7A4F7556}") = "Job", "source\modules\Job\Job.csproj", "{C2CF3806-B5E3-4CC0-BBE6-ABB44AC49536}"
EndProject
Project("{9A19103F-16F7-4668-BE54-9A1E7A4F7556}") = "FinalProject.Domain", "source\FinalProject.Domain\FinalProject.Domain.csproj", "{E6E7F5D8-307C-42B7-BB1D-68B2E4353D94}"
EndProject
Project("{9A19103F-16F7-4668-BE54-9A1E7A4F7556}") = "FinalProject.SharedKernel.Domain", "source\FinalProject.SharedKernel.Domain\FinalProject.SharedKernel.Domain.csproj", "{82753748-FF94-4727-8750-3D046FC8F39F}"
EndProject
Project("{9A19103F-16F7-4668-BE54-9A1E7A4F7556}") = "FinalProject.Infrastructure.Migrations", "source\FinalProject.Infrastructure.Migrations\FinalProject.Infrastructure.Migrations.csproj", "{AD287B81-2AC2-4CA7-883C-89B3B1017887}"
EndProject
Project("{9A19103F-16F7-4668-BE54-9A1E7A4F7556}") = "FinalProject.Infrastructure", "source\FinalProject.Infrastructure\FinalProject.Infrastructure.csproj", "{3CB583E5-25A0-48A9-987A-6F6BB9C9F7FD}"
EndProject
Project("{9A19103F-16F7-4668-BE54-9A1E7A4F7556}") = "FinalProject.Admin.API", "source\FinalProject.Admin.API\FinalProject.Admin.API.csproj", "{F2DBC04A-85DB-42D0-A1C4-B837FFDE77DB}"
EndProject
Project("{9A19103F-16F7-4668-BE54-9A1E7A4F7556}") = "FinalProject.API", "source\FinalProject.API\FinalProject.API.csproj", "{35D701CA-1A38-4B17-9534-7B1D4240F1B6}"
EndProject
Project("{9A19103F-16F7-4668-BE54-9A1E7A4F7556}") = "FinalProject.Application", "source\FinalProject.Application\FinalProject.Application.csproj", "{ED82C21A-3939-4535-8CA0-93F2029664B9}"
EndProject
Global
	GlobalSection(SolutionConfigurationPlatforms) = preSolution
		Debug|Any CPU = Debug|Any CPU
		Release|Any CPU = Release|Any CPU
	EndGlobalSection
	GlobalSection(ProjectConfigurationPlatforms) = postSolution
		{C2CF3806-B5E3-4CC0-BBE6-ABB44AC49536}.Debug|Any CPU.ActiveCfg = Debug|Any CPU
		{C2CF3806-B5E3-4CC0-BBE6-ABB44AC49536}.Debug|Any CPU.Build.0 = Debug|Any CPU
		{C2CF3806-B5E3-4CC0-BBE6-ABB44AC49536}.Release|Any CPU.ActiveCfg = Release|Any CPU
		{C2CF3806-B5E3-4CC0-BBE6-ABB44AC49536}.Release|Any CPU.Build.0 = Release|Any CPU
		{E6E7F5D8-307C-42B7-BB1D-68B2E4353D94}.Debug|Any CPU.ActiveCfg = Debug|Any CPU
		{E6E7F5D8-307C-42B7-BB1D-68B2E4353D94}.Debug|Any CPU.Build.0 = Debug|Any CPU
		{E6E7F5D8-307C-42B7-BB1D-68B2E4353D94}.Release|Any CPU.ActiveCfg = Release|Any CPU
		{E6E7F5D8-307C-42B7-BB1D-68B2E4353D94}.Release|Any CPU.Build.0 = Release|Any CPU
		{82753748-FF94-4727-8750-3D046FC8F39F}.Debug|Any CPU.ActiveCfg = Debug|Any CPU
		{82753748-FF94-4727-8750-3D046FC8F39F}.Debug|Any CPU.Build.0 = Debug|Any CPU
		{82753748-FF94-4727-8750-3D046FC8F39F}.Release|Any CPU.ActiveCfg = Release|Any CPU
		{82753748-FF94-4727-8750-3D046FC8F39F}.Release|Any CPU.Build.0 = Release|Any CPU
		{AD287B81-2AC2-4CA7-883C-89B3B1017887}.Debug|Any CPU.ActiveCfg = Debug|Any CPU
		{AD287B81-2AC2-4CA7-883C-89B3B1017887}.Debug|Any CPU.Build.0 = Debug|Any CPU
		{AD287B81-2AC2-4CA7-883C-89B3B1017887}.Release|Any CPU.ActiveCfg = Release|Any CPU
		{AD287B81-2AC2-4CA7-883C-89B3B1017887}.Release|Any CPU.Build.0 = Release|Any CPU
		{3CB583E5-25A0-48A9-987A-6F6BB9C9F7FD}.Debug|Any CPU.ActiveCfg = Debug|Any CPU
		{3CB583E5-25A0-48A9-987A-6F6BB9C9F7FD}.Debug|Any CPU.Build.0 = Debug|Any CPU
		{3CB583E5-25A0-48A9-987A-6F6BB9C9F7FD}.Release|Any CPU.ActiveCfg = Release|Any CPU
		{3CB583E5-25A0-48A9-987A-6F6BB9C9F7FD}.Release|Any CPU.Build.0 = Release|Any CPU
		{F2DBC04A-85DB-42D0-A1C4-B837FFDE77DB}.Debug|Any CPU.ActiveCfg = Debug|Any CPU
		{F2DBC04A-85DB-42D0-A1C4-B837FFDE77DB}.Debug|Any CPU.Build.0 = Debug|Any CPU
		{F2DBC04A-85DB-42D0-A1C4-B837FFDE77DB}.Release|Any CPU.ActiveCfg = Release|Any CPU
		{F2DBC04A-85DB-42D0-A1C4-B837FFDE77DB}.Release|Any CPU.Build.0 = Release|Any CPU
		{35D701CA-1A38-4B17-9534-7B1D4240F1B6}.Debug|Any CPU.ActiveCfg = Debug|Any CPU
		{35D701CA-1A38-4B17-9534-7B1D4240F1B6}.Debug|Any CPU.Build.0 = Debug|Any CPU
		{35D701CA-1A38-4B17-9534-7B1D4240F1B6}.Release|Any CPU.ActiveCfg = Release|Any CPU
		{35D701CA-1A38-4B17-9534-7B1D4240F1B6}.Release|Any CPU.Build.0 = Release|Any CPU
		{ED82C21A-3939-4535-8CA0-93F2029664B9}.Debug|Any CPU.ActiveCfg = Debug|Any CPU
		{ED82C21A-3939-4535-8CA0-93F2029664B9}.Debug|Any CPU.Build.0 = Debug|Any CPU
		{ED82C21A-3939-4535-8CA0-93F2029664B9}.Release|Any CPU.ActiveCfg = Release|Any CPU
		{ED82C21A-3939-4535-8CA0-93F2029664B9}.Release|Any CPU.Build.0 = Release|Any CPU
	EndGlobalSection
	GlobalSection(SolutionProperties) = preSolution
		HideSolutionNode = FALSE
	EndGlobalSection
	GlobalSection(NestedProjects) = preSolution
		{C2CF3806-B5E3-4CC0-BBE6-ABB44AC49536} = {3AA6F001-B60A-476B-A572-A3E835CFECAA}
	EndGlobalSection
	GlobalSection(ExtensibilityGlobals) = postSolution
		SolutionGuid = {86D98327-8D2A-4C8D-815A-E09304682607}
	EndGlobalSection
EndGlobal
